
Microsoft Visual Studio Solution File, Format Version 10.00
# Visual Studio 2008
Project("{2150E333-8FDC-42A3-9474-1A3956D46DE8}") = "第一章：音频处理", "第一章：音频处理", "{6CEFF4B2-CEB3-417C-8EEB-324E12E6BF55}"
EndProject
Project("{2150E333-8FDC-42A3-9474-1A3956D46DE8}") = "第二章：视频处理", "第二章：视频处理", "{12517DC9-EA01-4220-8BE8-0680CC3165CD}"
EndProject
Project("{2150E333-8FDC-42A3-9474-1A3956D46DE8}") = "第三章：图像处理", "第三章：图像处理", "{EC6ACAF3-738C-4BE8-91E1-3B49614C701F}"
EndProject
Project("{2150E333-8FDC-42A3-9474-1A3956D46DE8}") = "第一课：音频解码", "第一课：音频解码", "{484359A7-A817-45A9-B6B4-A1A3243C8C27}"
EndProject
Project("{8BC9CEB8-8B4A-11D0-8D11-00A0C91BC942}") = "GMAudioDecode", "Section_01\Lesson_01\GMAudioDecode\GMAudioDecode.vcproj", "{F8E594F5-400F-4502-95EA-F5C1E359C1A8}"
EndProject
Project("{2150E333-8FDC-42A3-9474-1A3956D46DE8}") = "第二课：音频播放", "第二课：音频播放", "{7054D059-66BD-4A8B-9B5F-FD0E5B6865C5}"
EndProject
Project("{2150E333-8FDC-42A3-9474-1A3956D46DE8}") = "第三课：音频采集", "第三课：音频采集", "{4BB5D41B-D31F-4286-BC33-17FCDAEB8A99}"
EndProject
Project("{2150E333-8FDC-42A3-9474-1A3956D46DE8}") = "第四课：音频编码", "第四课：音频编码", "{B1F3F1D5-D9BE-487C-97A0-90933A560B41}"
EndProject
Project("{2150E333-8FDC-42A3-9474-1A3956D46DE8}") = "第一课：视频解码", "第一课：视频解码", "{68D2E57F-1C6F-4EFD-BBBC-12D740564539}"
EndProject
Project("{2150E333-8FDC-42A3-9474-1A3956D46DE8}") = "第二课：视频播放", "第二课：视频播放", "{B1FCC7C8-7F77-4E80-AEF2-A03A56B4E3E5}"
EndProject
Project("{2150E333-8FDC-42A3-9474-1A3956D46DE8}") = "第三课：视频采集", "第三课：视频采集", "{BC4B2ABB-41BA-4AE9-BA3C-68947CBF4B1D}"
EndProject
Project("{2150E333-8FDC-42A3-9474-1A3956D46DE8}") = "第四课：视频编码", "第四课：视频编码", "{1E8B8959-AC4F-4FDB-B013-377F785AFC6B}"
EndProject
Project("{2150E333-8FDC-42A3-9474-1A3956D46DE8}") = "第五课：视音频混合同步播放", "第五课：视音频混合同步播放", "{36D9DE9C-964A-4638-8F65-329DFC7325BF}"
EndProject
Project("{2150E333-8FDC-42A3-9474-1A3956D46DE8}") = "第六课：视音频混合封装", "第六课：视音频混合封装", "{C729EB51-E467-43C9-AC7E-B2BD237E2265}"
EndProject
Project("{2150E333-8FDC-42A3-9474-1A3956D46DE8}") = "第一课：基于OpenCV的人脸检测", "第一课：基于OpenCV的人脸检测", "{29AFEAF1-DAEB-4899-BCCD-FA5BB1A1F827}"
EndProject
Project("{2150E333-8FDC-42A3-9474-1A3956D46DE8}") = "第二课：基于OpenCV的人脸识别", "第二课：基于OpenCV的人脸识别", "{689D2198-E0D2-4BDF-B4CD-4B85F7C77658}"
EndProject
Project("{2150E333-8FDC-42A3-9474-1A3956D46DE8}") = "第三课：基于OpenCV的车牌检测", "第三课：基于OpenCV的车牌检测", "{AF30723E-DCD4-4519-9A46-185F8CEFEC01}"
EndProject
Project("{2150E333-8FDC-42A3-9474-1A3956D46DE8}") = "第四课：基于OpenCV的车牌识别", "第四课：基于OpenCV的车牌识别", "{02B85303-93E4-4EC5-9F9E-CD3E0E296F2D}"
EndProject
Project("{2150E333-8FDC-42A3-9474-1A3956D46DE8}") = "第五课：基于OpenCV的行人检测", "第五课：基于OpenCV的行人检测", "{69396871-23E1-45D1-80DD-0CF4F6605F38}"
EndProject
Project("{2150E333-8FDC-42A3-9474-1A3956D46DE8}") = "第六课：基于OpenCV的行人识别", "第六课：基于OpenCV的行人识别", "{A2239A32-44E7-4029-B007-30474B2CD5B8}"
EndProject
Project("{8BC9CEB8-8B4A-11D0-8D11-00A0C91BC942}") = "GMAudioPlayerWithSDL2", "Section_01\Lesson_02\GMAudioPlayerWithSDL2\GMAudioPlayerWithSDL2.vcproj", "{A2ABEE67-9BCB-4EA2-A295-A5C67E027FB2}"
EndProject
Project("{8BC9CEB8-8B4A-11D0-8D11-00A0C91BC942}") = "GMAudioEncode", "Section_01\Lesson_04\GMAudioEncode\GMAudioEncode.vcproj", "{F105578A-CFC0-41F4-B712-B23E72E88EA5}"
EndProject
Project("{8BC9CEB8-8B4A-11D0-8D11-00A0C91BC942}") = "GMAudioCollection", "Section_01\Lesson_03\GMAudioCollection\GMAudioCollection.vcproj", "{E8881E0A-51A3-4C5C-9B36-18C6F3327FAE}"
EndProject
Project("{8BC9CEB8-8B4A-11D0-8D11-00A0C91BC942}") = "GMVideoDecode", "Section_02\Lesson_01\GMVideoDecode\GMVideoDecode.vcproj", "{6C2BEBFA-EE6B-4B1C-84BE-12D16BC5B419}"
EndProject
Project("{8BC9CEB8-8B4A-11D0-8D11-00A0C91BC942}") = "GMVideoPlayWithSDL2", "Section_02\Lesson_02\GMVideoPlayWithSDL2\GMVideoPlayWithSDL2.vcproj", "{787A144F-0244-4C1A-8C7E-6192E6403EA4}"
EndProject
Project("{8BC9CEB8-8B4A-11D0-8D11-00A0C91BC942}") = "GMVideoCollection", "Section_02\Lesson_03\GMVideoCollection\GMVideoCollection.vcproj", "{D5EB1FD5-FB00-4369-A78C-BFA8AC49A28B}"
EndProject
Project("{8BC9CEB8-8B4A-11D0-8D11-00A0C91BC942}") = "GMVideoEncode", "Section_02\Lesson_04\GMVideoEncode\GMVideoEncode.vcproj", "{63645368-B858-4583-B3AD-B1C202A1ACAC}"
EndProject
Project("{8BC9CEB8-8B4A-11D0-8D11-00A0C91BC942}") = "GMVideoSynPlayWithSDL2", "Section_02\Lesson_05\GMVideoSynPlayWithSDL2\GMVideoSynPlayWithSDL2.vcproj", "{8C8962D5-39D6-40BA-8CE7-44C6FB6C4E11}"
EndProject
Project("{8BC9CEB8-8B4A-11D0-8D11-00A0C91BC942}") = "GMVideoMux", "Section_02\Lesson_06\GMVideoMux\GMVideoMux.vcproj", "{C815E447-2BC3-4110-BA1E-2E18D05D030B}"
EndProject
Global
	GlobalSection(SolutionConfigurationPlatforms) = preSolution
		Debug|Win32 = Debug|Win32
		Release|Win32 = Release|Win32
	EndGlobalSection
	GlobalSection(ProjectConfigurationPlatforms) = postSolution
		{F8E594F5-400F-4502-95EA-F5C1E359C1A8}.Debug|Win32.ActiveCfg = Debug|Win32
		{F8E594F5-400F-4502-95EA-F5C1E359C1A8}.Debug|Win32.Build.0 = Debug|Win32
		{F8E594F5-400F-4502-95EA-F5C1E359C1A8}.Release|Win32.ActiveCfg = Release|Win32
		{F8E594F5-400F-4502-95EA-F5C1E359C1A8}.Release|Win32.Build.0 = Release|Win32
		{A2ABEE67-9BCB-4EA2-A295-A5C67E027FB2}.Debug|Win32.ActiveCfg = Debug|Win32
		{A2ABEE67-9BCB-4EA2-A295-A5C67E027FB2}.Debug|Win32.Build.0 = Debug|Win32
		{A2ABEE67-9BCB-4EA2-A295-A5C67E027FB2}.Release|Win32.ActiveCfg = Release|Win32
		{A2ABEE67-9BCB-4EA2-A295-A5C67E027FB2}.Release|Win32.Build.0 = Release|Win32
		{F105578A-CFC0-41F4-B712-B23E72E88EA5}.Debug|Win32.ActiveCfg = Debug|Win32
		{F105578A-CFC0-41F4-B712-B23E72E88EA5}.Debug|Win32.Build.0 = Debug|Win32
		{F105578A-CFC0-41F4-B712-B23E72E88EA5}.Release|Win32.ActiveCfg = Release|Win32
		{F105578A-CFC0-41F4-B712-B23E72E88EA5}.Release|Win32.Build.0 = Release|Win32
		{E8881E0A-51A3-4C5C-9B36-18C6F3327FAE}.Debug|Win32.ActiveCfg = Debug|Win32
		{E8881E0A-51A3-4C5C-9B36-18C6F3327FAE}.Debug|Win32.Build.0 = Debug|Win32
		{E8881E0A-51A3-4C5C-9B36-18C6F3327FAE}.Release|Win32.ActiveCfg = Release|Win32
		{E8881E0A-51A3-4C5C-9B36-18C6F3327FAE}.Release|Win32.Build.0 = Release|Win32
		{6C2BEBFA-EE6B-4B1C-84BE-12D16BC5B419}.Debug|Win32.ActiveCfg = Debug|Win32
		{6C2BEBFA-EE6B-4B1C-84BE-12D16BC5B419}.Debug|Win32.Build.0 = Debug|Win32
		{6C2BEBFA-EE6B-4B1C-84BE-12D16BC5B419}.Release|Win32.ActiveCfg = Release|Win32
		{6C2BEBFA-EE6B-4B1C-84BE-12D16BC5B419}.Release|Win32.Build.0 = Release|Win32
		{787A144F-0244-4C1A-8C7E-6192E6403EA4}.Debug|Win32.ActiveCfg = Debug|Win32
		{787A144F-0244-4C1A-8C7E-6192E6403EA4}.Debug|Win32.Build.0 = Debug|Win32
		{787A144F-0244-4C1A-8C7E-6192E6403EA4}.Release|Win32.ActiveCfg = Release|Win32
		{787A144F-0244-4C1A-8C7E-6192E6403EA4}.Release|Win32.Build.0 = Release|Win32
		{D5EB1FD5-FB00-4369-A78C-BFA8AC49A28B}.Debug|Win32.ActiveCfg = Debug|Win32
		{D5EB1FD5-FB00-4369-A78C-BFA8AC49A28B}.Debug|Win32.Build.0 = Debug|Win32
		{D5EB1FD5-FB00-4369-A78C-BFA8AC49A28B}.Release|Win32.ActiveCfg = Release|Win32
		{D5EB1FD5-FB00-4369-A78C-BFA8AC49A28B}.Release|Win32.Build.0 = Release|Win32
		{63645368-B858-4583-B3AD-B1C202A1ACAC}.Debug|Win32.ActiveCfg = Debug|Win32
		{63645368-B858-4583-B3AD-B1C202A1ACAC}.Debug|Win32.Build.0 = Debug|Win32
		{63645368-B858-4583-B3AD-B1C202A1ACAC}.Release|Win32.ActiveCfg = Release|Win32
		{63645368-B858-4583-B3AD-B1C202A1ACAC}.Release|Win32.Build.0 = Release|Win32
		{8C8962D5-39D6-40BA-8CE7-44C6FB6C4E11}.Debug|Win32.ActiveCfg = Debug|Win32
		{8C8962D5-39D6-40BA-8CE7-44C6FB6C4E11}.Debug|Win32.Build.0 = Debug|Win32
		{8C8962D5-39D6-40BA-8CE7-44C6FB6C4E11}.Release|Win32.ActiveCfg = Release|Win32
		{8C8962D5-39D6-40BA-8CE7-44C6FB6C4E11}.Release|Win32.Build.0 = Release|Win32
		{C815E447-2BC3-4110-BA1E-2E18D05D030B}.Debug|Win32.ActiveCfg = Debug|Win32
		{C815E447-2BC3-4110-BA1E-2E18D05D030B}.Debug|Win32.Build.0 = Debug|Win32
		{C815E447-2BC3-4110-BA1E-2E18D05D030B}.Release|Win32.ActiveCfg = Release|Win32
		{C815E447-2BC3-4110-BA1E-2E18D05D030B}.Release|Win32.Build.0 = Release|Win32
	EndGlobalSection
	GlobalSection(SolutionProperties) = preSolution
		HideSolutionNode = FALSE
	EndGlobalSection
	GlobalSection(NestedProjects) = preSolution
		{484359A7-A817-45A9-B6B4-A1A3243C8C27} = {6CEFF4B2-CEB3-417C-8EEB-324E12E6BF55}
		{7054D059-66BD-4A8B-9B5F-FD0E5B6865C5} = {6CEFF4B2-CEB3-417C-8EEB-324E12E6BF55}
		{4BB5D41B-D31F-4286-BC33-17FCDAEB8A99} = {6CEFF4B2-CEB3-417C-8EEB-324E12E6BF55}
		{B1F3F1D5-D9BE-487C-97A0-90933A560B41} = {6CEFF4B2-CEB3-417C-8EEB-324E12E6BF55}
		{B1FCC7C8-7F77-4E80-AEF2-A03A56B4E3E5} = {12517DC9-EA01-4220-8BE8-0680CC3165CD}
		{BC4B2ABB-41BA-4AE9-BA3C-68947CBF4B1D} = {12517DC9-EA01-4220-8BE8-0680CC3165CD}
		{1E8B8959-AC4F-4FDB-B013-377F785AFC6B} = {12517DC9-EA01-4220-8BE8-0680CC3165CD}
		{36D9DE9C-964A-4638-8F65-329DFC7325BF} = {12517DC9-EA01-4220-8BE8-0680CC3165CD}
		{C729EB51-E467-43C9-AC7E-B2BD237E2265} = {12517DC9-EA01-4220-8BE8-0680CC3165CD}
		{68D2E57F-1C6F-4EFD-BBBC-12D740564539} = {12517DC9-EA01-4220-8BE8-0680CC3165CD}
		{29AFEAF1-DAEB-4899-BCCD-FA5BB1A1F827} = {EC6ACAF3-738C-4BE8-91E1-3B49614C701F}
		{689D2198-E0D2-4BDF-B4CD-4B85F7C77658} = {EC6ACAF3-738C-4BE8-91E1-3B49614C701F}
		{AF30723E-DCD4-4519-9A46-185F8CEFEC01} = {EC6ACAF3-738C-4BE8-91E1-3B49614C701F}
		{02B85303-93E4-4EC5-9F9E-CD3E0E296F2D} = {EC6ACAF3-738C-4BE8-91E1-3B49614C701F}
		{69396871-23E1-45D1-80DD-0CF4F6605F38} = {EC6ACAF3-738C-4BE8-91E1-3B49614C701F}
		{A2239A32-44E7-4029-B007-30474B2CD5B8} = {EC6ACAF3-738C-4BE8-91E1-3B49614C701F}
		{F8E594F5-400F-4502-95EA-F5C1E359C1A8} = {484359A7-A817-45A9-B6B4-A1A3243C8C27}
		{A2ABEE67-9BCB-4EA2-A295-A5C67E027FB2} = {7054D059-66BD-4A8B-9B5F-FD0E5B6865C5}
		{E8881E0A-51A3-4C5C-9B36-18C6F3327FAE} = {4BB5D41B-D31F-4286-BC33-17FCDAEB8A99}
		{F105578A-CFC0-41F4-B712-B23E72E88EA5} = {B1F3F1D5-D9BE-487C-97A0-90933A560B41}
		{6C2BEBFA-EE6B-4B1C-84BE-12D16BC5B419} = {68D2E57F-1C6F-4EFD-BBBC-12D740564539}
		{787A144F-0244-4C1A-8C7E-6192E6403EA4} = {B1FCC7C8-7F77-4E80-AEF2-A03A56B4E3E5}
		{D5EB1FD5-FB00-4369-A78C-BFA8AC49A28B} = {BC4B2ABB-41BA-4AE9-BA3C-68947CBF4B1D}
		{63645368-B858-4583-B3AD-B1C202A1ACAC} = {1E8B8959-AC4F-4FDB-B013-377F785AFC6B}
		{8C8962D5-39D6-40BA-8CE7-44C6FB6C4E11} = {36D9DE9C-964A-4638-8F65-329DFC7325BF}
		{C815E447-2BC3-4110-BA1E-2E18D05D030B} = {C729EB51-E467-43C9-AC7E-B2BD237E2265}
	EndGlobalSection
EndGlobal
