
Microsoft Visual Studio Solution File, Format Version 10.00
# Visual Studio 2008
Project("{2150E333-8FDC-42A3-9474-1A3956D46DE8}") = "第一章：音频处理", "第一章：音频处理", "{6CEFF4B2-CEB3-417C-8EEB-324E12E6BF55}"
EndProject
Project("{2150E333-8FDC-42A3-9474-1A3956D46DE8}") = "第二章：视频处理", "第二章：视频处理", "{12517DC9-EA01-4220-8BE8-0680CC3165CD}"
EndProject
Project("{2150E333-8FDC-42A3-9474-1A3956D46DE8}") = "第三章：图像处理", "第三章：图像处理", "{EC6ACAF3-738C-4BE8-91E1-3B49614C701F}"
EndProject
Project("{2150E333-8FDC-42A3-9474-1A3956D46DE8}") = "第一课：音频解码", "第一课：音频解码", "{484359A7-A817-45A9-B6B4-A1A3243C8C27}"
EndProject
Project("{8BC9CEB8-8B4A-11D0-8D11-00A0C91BC942}") = "GMAudioDecode", "Section_01\Lesson_01\GMAudioDecode\GMAudioDecode.vcproj", "{F8E594F5-400F-4502-95EA-F5C1E359C1A8}"
EndProject
Project("{2150E333-8FDC-42A3-9474-1A3956D46DE8}") = "第二课：音频播放", "第二课：音频播放", "{7054D059-66BD-4A8B-9B5F-FD0E5B6865C5}"
EndProject
Project("{2150E333-8FDC-42A3-9474-1A3956D46DE8}") = "第三课：音频采集", "第三课：音频采集", "{4BB5D41B-D31F-4286-BC33-17FCDAEB8A99}"
EndProject
Project("{2150E333-8FDC-42A3-9474-1A3956D46DE8}") = "第四课：音频编码", "第四课：音频编码", "{B1F3F1D5-D9BE-487C-97A0-90933A560B41}"
EndProject
Project("{2150E333-8FDC-42A3-9474-1A3956D46DE8}") = "第一课：视频解码", "第一课：视频解码", "{68D2E57F-1C6F-4EFD-BBBC-12D740564539}"
EndProject
Project("{2150E333-8FDC-42A3-9474-1A3956D46DE8}") = "第二课：视频播放", "第二课：视频播放", "{B1FCC7C8-7F77-4E80-AEF2-A03A56B4E3E5}"
EndProject
Project("{2150E333-8FDC-42A3-9474-1A3956D46DE8}") = "第三课：视频采集", "第三课：视频采集", "{BC4B2ABB-41BA-4AE9-BA3C-68947CBF4B1D}"
EndProject
Project("{2150E333-8FDC-42A3-9474-1A3956D46DE8}") = "第四课：视频编码", "第四课：视频编码", "{1E8B8959-AC4F-4FDB-B013-377F785AFC6B}"
EndProject
Project("{2150E333-8FDC-42A3-9474-1A3956D46DE8}") = "第五课：视音频混合同步播放", "第五课：视音频混合同步播放", "{36D9DE9C-964A-4638-8F65-329DFC7325BF}"
EndProject
Project("{2150E333-8FDC-42A3-9474-1A3956D46DE8}") = "第六课：视音频混合封装", "第六课：视音频混合封装", "{C729EB51-E467-43C9-AC7E-B2BD237E2265}"
EndProject
Project("{2150E333-8FDC-42A3-9474-1A3956D46DE8}") = "第一课：基于OpenCV的人脸检测", "第一课：基于OpenCV的人脸检测", "{29AFEAF1-DAEB-4899-BCCD-FA5BB1A1F827}"
EndProject
Project("{2150E333-8FDC-42A3-9474-1A3956D46DE8}") = "第二课：基于OpenCV的人脸识别", "第二课：基于OpenCV的人脸识别", "{689D2198-E0D2-4BDF-B4CD-4B85F7C77658}"
EndProject
Project("{2150E333-8FDC-42A3-9474-1A3956D46DE8}") = "第三课：基于OpenCV的车牌检测", "第三课：基于OpenCV的车牌检测", "{AF30723E-DCD4-4519-9A46-185F8CEFEC01}"
EndProject
Project("{2150E333-8FDC-42A3-9474-1A3956D46DE8}") = "第四课：基于OpenCV的车牌识别", "第四课：基于OpenCV的车牌识别", "{02B85303-93E4-4EC5-9F9E-CD3E0E296F2D}"
EndProject
Project("{2150E333-8FDC-42A3-9474-1A3956D46DE8}") = "第五课：基于OpenCV的行人检测", "第五课：基于OpenCV的行人检测", "{69396871-23E1-45D1-80DD-0CF4F6605F38}"
EndProject
Project("{2150E333-8FDC-42A3-9474-1A3956D46DE8}") = "第六课：基于OpenCV的行人识别", "第六课：基于OpenCV的行人识别", "{A2239A32-44E7-4029-B007-30474B2CD5B8}"
EndProject
Project("{8BC9CEB8-8B4A-11D0-8D11-00A0C91BC942}") = "GMAudioPlayerWithSDL2", "Section_01\Lesson_02\GMAudioPlayerWithSDL2\GMAudioPlayerWithSDL2.vcproj", "{A2ABEE67-9BCB-4EA2-A295-A5C67E027FB2}"
EndProject
Project("{8BC9CEB8-8B4A-11D0-8D11-00A0C91BC942}") = "GMAudioEncode", "Section_01\Lesson_04\GMAudioEncode\GMAudioEncode.vcproj", "{F105578A-CFC0-41F4-B712-B23E72E88EA5}"
EndProject
Project("{8BC9CEB8-8B4A-11D0-8D11-00A0C91BC942}") = "GMAudioCollection", "Section_01\Lesson_03\GMAudioCollection\GMAudioCollection.vcproj", "{E8881E0A-51A3-4C5C-9B36-18C6F3327FAE}"
EndProject
Project("{8BC9CEB8-8B4A-11D0-8D11-00A0C91BC942}") = "GMVideoDecode", "Section_02\Lesson_01\GMVideoDecode\GMVideoDecode.vcproj", "{6C2BEBFA-EE6B-4B1C-84BE-12D16BC5B419}"
EndProject
Project("{8BC9CEB8-8B4A-11D0-8D11-00A0C91BC942}") = "GMVideoPlayWithSDL2", "Section_02\Lesson_02\GMVideoPlayWithSDL2\GMVideoPlayWithSDL2.vcproj", "{787A144F-0244-4C1A-8C7E-6192E6403EA4}"
EndProject
Project("{8BC9CEB8-8B4A-11D0-8D11-00A0C91BC942}") = "GMVideoCollection", "Section_02\Lesson_03\GMVideoCollection\GMVideoCollection.vcproj", "{D5EB1FD5-FB00-4369-A78C-BFA8AC49A28B}"
EndProject
Project("{8BC9CEB8-8B4A-11D0-8D11-00A0C91BC942}") = "GMVideoEncode", "Section_02\Lesson_04\GMVideoEncode\GMVideoEncode.vcproj", "{63645368-B858-4583-B3AD-B1C202A1ACAC}"
EndProject
Project("{8BC9CEB8-8B4A-11D0-8D11-00A0C91BC942}") = "GMVideoSynPlayWithSDL2", "Section_02\Lesson_05\GMVideoSynPlayWithSDL2\GMVideoSynPlayWithSDL2.vcproj", "{8C8962D5-39D6-40BA-8CE7-44C6FB6C4E11}"
EndProject
Project("{8BC9CEB8-8B4A-11D0-8D11-00A0C91BC942}") = "GMVideoMux", "Section_02\Lesson_06\GMVideoMux\GMVideoMux.vcproj", "{C815E447-2BC3-4110-BA1E-2E18D05D030B}"
EndProject
Project("{2150E333-8FDC-42A3-9474-1A3956D46DE8}") = "第七课：视频格式转换", "第七课：视频格式转换", "{63E22B2B-7F4B-468B-A227-1DC4386EBB22}"
EndProject
Project("{2150E333-8FDC-42A3-9474-1A3956D46DE8}") = "第八课：视频转码", "第八课：视频转码", "{7897EC90-344A-4A67-B4C1-43EB1F54638A}"
EndProject
Project("{8BC9CEB8-8B4A-11D0-8D11-00A0C91BC942}") = "GMVideoFormatConvert", "Section_02\Lesson_07\GMVideoFormatConvert\GMVideoFormatConvert.vcproj", "{0EB6BF40-E640-4829-9BDB-5CA299134EB6}"
EndProject
Project("{8BC9CEB8-8B4A-11D0-8D11-00A0C91BC942}") = "GMVideoCodecConvert", "Section_02\Lesson_08\GMVideoCodecConvert\GMVideoCodecConvert.vcproj", "{0F195D42-385C-47DF-87A8-2329115D4DE8}"
EndProject
Project("{2150E333-8FDC-42A3-9474-1A3956D46DE8}") = "第四章：流媒体处理", "第四章：流媒体处理", "{D26F37B4-FCF7-4738-BD87-A18C49715631}"
EndProject
Project("{2150E333-8FDC-42A3-9474-1A3956D46DE8}") = "第一课：视音频推流", "第一课：视音频推流", "{D48D58E5-510D-464F-9E98-E6DCD34B8176}"
EndProject
Project("{2150E333-8FDC-42A3-9474-1A3956D46DE8}") = "第二课：视音频拉流", "第二课：视音频拉流", "{7E0A1A36-36D8-471D-8393-D6D8A43C5A41}"
EndProject
Project("{2150E333-8FDC-42A3-9474-1A3956D46DE8}") = "第三课：视音频转发", "第三课：视音频转发", "{ED74A799-DB05-4B3C-8B4B-44ED01F7BECC}"
EndProject
Project("{8BC9CEB8-8B4A-11D0-8D11-00A0C91BC942}") = "GMMediaPusher", "Section_04\Lesson_01\GMMediaPusher\GMMediaPusher.vcproj", "{76C4FA1B-18AC-44C4-B2F5-8C93C4C91391}"
EndProject
Project("{8BC9CEB8-8B4A-11D0-8D11-00A0C91BC942}") = "GMVideoDemux", "Section_02\Lesson_06\GMVideoDemux\GMVideoDemux.vcproj", "{46BC3A55-6599-4CF9-8C21-26DC85EFA695}"
EndProject
Project("{2150E333-8FDC-42A3-9474-1A3956D46DE8}") = "第五章：综合项目", "第五章：综合项目", "{8B495ED5-2724-4509-9673-A6439BE786E7}"
EndProject
Project("{2150E333-8FDC-42A3-9474-1A3956D46DE8}") = "第一课：多媒体播放器", "第一课：多媒体播放器", "{E56E2466-32AC-4950-9A3D-9523C0F66B3C}"
EndProject
Project("{8BC9CEB8-8B4A-11D0-8D11-00A0C91BC942}") = "GMMediaPuller", "Section_04\Lesson_02\GMMediaPuller\GMMediaPuller.vcproj", "{72DF7455-B92D-4B17-A1D4-39C453EA0F22}"
EndProject
Project("{8BC9CEB8-8B4A-11D0-8D11-00A0C91BC942}") = "GMMediaRelayer", "Section_04\Lesson_03\GMMediaRelayer\GMMediaRelayer.vcproj", "{09AF694E-1A94-41F8-A7DD-4000C6CD7C31}"
EndProject
Project("{2150E333-8FDC-42A3-9474-1A3956D46DE8}") = "第五课：GB28181协议", "第五课：GB28181协议", "{A054D4AD-8070-4755-8858-6A387C5899A4}"
EndProject
Project("{2150E333-8FDC-42A3-9474-1A3956D46DE8}") = "第一节：GB28181协议栈", "第一节：GB28181协议栈", "{4EA11C5A-CE47-4A9E-BAEE-A8D86153B186}"
EndProject
Project("{2150E333-8FDC-42A3-9474-1A3956D46DE8}") = "第二节：GB28181信令网关", "第二节：GB28181信令网关", "{737491AC-8A9A-4333-A598-6201BF220626}"
EndProject
Project("{2150E333-8FDC-42A3-9474-1A3956D46DE8}") = "第三节：GB28181流媒体网关", "第三节：GB28181流媒体网关", "{7606B99D-8425-4FF5-8AF5-EA274771C7D2}"
EndProject
Project("{2150E333-8FDC-42A3-9474-1A3956D46DE8}") = "第四课：流媒体服务器", "第四课：流媒体服务器", "{DBF6230A-40F4-4646-8FC9-AA331A246B4F}"
EndProject
Project("{8BC9CEB8-8B4A-11D0-8D11-00A0C91BC942}") = "GMMediaStreamServer", "Section_04\Lesson_04\GMMediaStreamServer\GMMediaStreamServer.vcproj", "{D1487971-DFDB-428B-A1CB-E4024EB519BF}"
EndProject
Project("{8BC9CEB8-8B4A-11D0-8D11-00A0C91BC942}") = "GMGb28181SipStack", "Section_04\Lesson_05\GMGb28181SipStack\GMGb28181SipStack.vcproj", "{577E4F31-86F7-436A-9733-6C36E0C1ACDE}"
EndProject
Project("{8BC9CEB8-8B4A-11D0-8D11-00A0C91BC942}") = "GMGb28181SignalGateway", "Section_04\Lesson_05\GMGb28181SignalGateway\GMGb28181SignalGateway.vcproj", "{C4A4D4DB-ADCE-4464-8A58-5E41E58BCF8A}"
EndProject
Project("{8BC9CEB8-8B4A-11D0-8D11-00A0C91BC942}") = "GMGb28181MediaGateway", "Section_04\Lesson_05\GMGb28181MediaGateway\GMGb28181MediaGateway.vcproj", "{16B434AD-35FC-42AD-BFBD-A87A8D0D384D}"
EndProject
Project("{8BC9CEB8-8B4A-11D0-8D11-00A0C91BC942}") = "GMMediaPlayer", "Section_05\Lesson_01\GMMediaPlayer\GMMediaPlayer.vcproj", "{C0D80026-C8F8-4AD9-B76A-28B13E3CA0BE}"
EndProject
Project("{2150E333-8FDC-42A3-9474-1A3956D46DE8}") = "third_party", "third_party", "{25875C09-D9CA-43FD-BD2C-E357FAD14815}"
EndProject
Project("{8BC9CEB8-8B4A-11D0-8D11-00A0C91BC942}") = "eXosip", "Section_04\Lesson_05\GMGb28181SipStack\third_party\eXosip\platform\vsnet\eXosip.vcproj", "{4EA67539-9EE9-4065-BD39-87E517FD8262}"
EndProject
Project("{8BC9CEB8-8B4A-11D0-8D11-00A0C91BC942}") = "osip2", "Section_04\Lesson_05\GMGb28181SipStack\third_party\osip\platform\vsnet\osip2.vcproj", "{85255507-5D16-4218-85E2-F683BB2F04DA}"
EndProject
Project("{8BC9CEB8-8B4A-11D0-8D11-00A0C91BC942}") = "osipparser2", "Section_04\Lesson_05\GMGb28181SipStack\third_party\osip\platform\vsnet\osipparser2.vcproj", "{44F46B7E-0E51-4304-9735-330DFBAB41E5}"
EndProject
Global
	GlobalSection(SolutionConfigurationPlatforms) = preSolution
		Debug DLL|Win32 = Debug DLL|Win32
		Debug|Win32 = Debug|Win32
		Release DLL|Win32 = Release DLL|Win32
		Release|Win32 = Release|Win32
	EndGlobalSection
	GlobalSection(ProjectConfigurationPlatforms) = postSolution
		{F8E594F5-400F-4502-95EA-F5C1E359C1A8}.Debug DLL|Win32.ActiveCfg = Debug|Win32
		{F8E594F5-400F-4502-95EA-F5C1E359C1A8}.Debug DLL|Win32.Build.0 = Debug|Win32
		{F8E594F5-400F-4502-95EA-F5C1E359C1A8}.Debug|Win32.ActiveCfg = Debug|Win32
		{F8E594F5-400F-4502-95EA-F5C1E359C1A8}.Debug|Win32.Build.0 = Debug|Win32
		{F8E594F5-400F-4502-95EA-F5C1E359C1A8}.Release DLL|Win32.ActiveCfg = Release|Win32
		{F8E594F5-400F-4502-95EA-F5C1E359C1A8}.Release DLL|Win32.Build.0 = Release|Win32
		{F8E594F5-400F-4502-95EA-F5C1E359C1A8}.Release|Win32.ActiveCfg = Release|Win32
		{F8E594F5-400F-4502-95EA-F5C1E359C1A8}.Release|Win32.Build.0 = Release|Win32
		{A2ABEE67-9BCB-4EA2-A295-A5C67E027FB2}.Debug DLL|Win32.ActiveCfg = Debug|Win32
		{A2ABEE67-9BCB-4EA2-A295-A5C67E027FB2}.Debug DLL|Win32.Build.0 = Debug|Win32
		{A2ABEE67-9BCB-4EA2-A295-A5C67E027FB2}.Debug|Win32.ActiveCfg = Debug|Win32
		{A2ABEE67-9BCB-4EA2-A295-A5C67E027FB2}.Debug|Win32.Build.0 = Debug|Win32
		{A2ABEE67-9BCB-4EA2-A295-A5C67E027FB2}.Release DLL|Win32.ActiveCfg = Release|Win32
		{A2ABEE67-9BCB-4EA2-A295-A5C67E027FB2}.Release DLL|Win32.Build.0 = Release|Win32
		{A2ABEE67-9BCB-4EA2-A295-A5C67E027FB2}.Release|Win32.ActiveCfg = Release|Win32
		{A2ABEE67-9BCB-4EA2-A295-A5C67E027FB2}.Release|Win32.Build.0 = Release|Win32
		{F105578A-CFC0-41F4-B712-B23E72E88EA5}.Debug DLL|Win32.ActiveCfg = Debug|Win32
		{F105578A-CFC0-41F4-B712-B23E72E88EA5}.Debug DLL|Win32.Build.0 = Debug|Win32
		{F105578A-CFC0-41F4-B712-B23E72E88EA5}.Debug|Win32.ActiveCfg = Debug|Win32
		{F105578A-CFC0-41F4-B712-B23E72E88EA5}.Debug|Win32.Build.0 = Debug|Win32
		{F105578A-CFC0-41F4-B712-B23E72E88EA5}.Release DLL|Win32.ActiveCfg = Release|Win32
		{F105578A-CFC0-41F4-B712-B23E72E88EA5}.Release DLL|Win32.Build.0 = Release|Win32
		{F105578A-CFC0-41F4-B712-B23E72E88EA5}.Release|Win32.ActiveCfg = Release|Win32
		{F105578A-CFC0-41F4-B712-B23E72E88EA5}.Release|Win32.Build.0 = Release|Win32
		{E8881E0A-51A3-4C5C-9B36-18C6F3327FAE}.Debug DLL|Win32.ActiveCfg = Debug|Win32
		{E8881E0A-51A3-4C5C-9B36-18C6F3327FAE}.Debug DLL|Win32.Build.0 = Debug|Win32
		{E8881E0A-51A3-4C5C-9B36-18C6F3327FAE}.Debug|Win32.ActiveCfg = Debug|Win32
		{E8881E0A-51A3-4C5C-9B36-18C6F3327FAE}.Debug|Win32.Build.0 = Debug|Win32
		{E8881E0A-51A3-4C5C-9B36-18C6F3327FAE}.Release DLL|Win32.ActiveCfg = Release|Win32
		{E8881E0A-51A3-4C5C-9B36-18C6F3327FAE}.Release DLL|Win32.Build.0 = Release|Win32
		{E8881E0A-51A3-4C5C-9B36-18C6F3327FAE}.Release|Win32.ActiveCfg = Release|Win32
		{E8881E0A-51A3-4C5C-9B36-18C6F3327FAE}.Release|Win32.Build.0 = Release|Win32
		{6C2BEBFA-EE6B-4B1C-84BE-12D16BC5B419}.Debug DLL|Win32.ActiveCfg = Debug|Win32
		{6C2BEBFA-EE6B-4B1C-84BE-12D16BC5B419}.Debug DLL|Win32.Build.0 = Debug|Win32
		{6C2BEBFA-EE6B-4B1C-84BE-12D16BC5B419}.Debug|Win32.ActiveCfg = Debug|Win32
		{6C2BEBFA-EE6B-4B1C-84BE-12D16BC5B419}.Debug|Win32.Build.0 = Debug|Win32
		{6C2BEBFA-EE6B-4B1C-84BE-12D16BC5B419}.Release DLL|Win32.ActiveCfg = Release|Win32
		{6C2BEBFA-EE6B-4B1C-84BE-12D16BC5B419}.Release DLL|Win32.Build.0 = Release|Win32
		{6C2BEBFA-EE6B-4B1C-84BE-12D16BC5B419}.Release|Win32.ActiveCfg = Release|Win32
		{6C2BEBFA-EE6B-4B1C-84BE-12D16BC5B419}.Release|Win32.Build.0 = Release|Win32
		{787A144F-0244-4C1A-8C7E-6192E6403EA4}.Debug DLL|Win32.ActiveCfg = Debug|Win32
		{787A144F-0244-4C1A-8C7E-6192E6403EA4}.Debug DLL|Win32.Build.0 = Debug|Win32
		{787A144F-0244-4C1A-8C7E-6192E6403EA4}.Debug|Win32.ActiveCfg = Debug|Win32
		{787A144F-0244-4C1A-8C7E-6192E6403EA4}.Debug|Win32.Build.0 = Debug|Win32
		{787A144F-0244-4C1A-8C7E-6192E6403EA4}.Release DLL|Win32.ActiveCfg = Release|Win32
		{787A144F-0244-4C1A-8C7E-6192E6403EA4}.Release DLL|Win32.Build.0 = Release|Win32
		{787A144F-0244-4C1A-8C7E-6192E6403EA4}.Release|Win32.ActiveCfg = Release|Win32
		{787A144F-0244-4C1A-8C7E-6192E6403EA4}.Release|Win32.Build.0 = Release|Win32
		{D5EB1FD5-FB00-4369-A78C-BFA8AC49A28B}.Debug DLL|Win32.ActiveCfg = Debug|Win32
		{D5EB1FD5-FB00-4369-A78C-BFA8AC49A28B}.Debug DLL|Win32.Build.0 = Debug|Win32
		{D5EB1FD5-FB00-4369-A78C-BFA8AC49A28B}.Debug|Win32.ActiveCfg = Debug|Win32
		{D5EB1FD5-FB00-4369-A78C-BFA8AC49A28B}.Debug|Win32.Build.0 = Debug|Win32
		{D5EB1FD5-FB00-4369-A78C-BFA8AC49A28B}.Release DLL|Win32.ActiveCfg = Release|Win32
		{D5EB1FD5-FB00-4369-A78C-BFA8AC49A28B}.Release DLL|Win32.Build.0 = Release|Win32
		{D5EB1FD5-FB00-4369-A78C-BFA8AC49A28B}.Release|Win32.ActiveCfg = Release|Win32
		{D5EB1FD5-FB00-4369-A78C-BFA8AC49A28B}.Release|Win32.Build.0 = Release|Win32
		{63645368-B858-4583-B3AD-B1C202A1ACAC}.Debug DLL|Win32.ActiveCfg = Debug|Win32
		{63645368-B858-4583-B3AD-B1C202A1ACAC}.Debug DLL|Win32.Build.0 = Debug|Win32
		{63645368-B858-4583-B3AD-B1C202A1ACAC}.Debug|Win32.ActiveCfg = Debug|Win32
		{63645368-B858-4583-B3AD-B1C202A1ACAC}.Debug|Win32.Build.0 = Debug|Win32
		{63645368-B858-4583-B3AD-B1C202A1ACAC}.Release DLL|Win32.ActiveCfg = Release|Win32
		{63645368-B858-4583-B3AD-B1C202A1ACAC}.Release DLL|Win32.Build.0 = Release|Win32
		{63645368-B858-4583-B3AD-B1C202A1ACAC}.Release|Win32.ActiveCfg = Release|Win32
		{63645368-B858-4583-B3AD-B1C202A1ACAC}.Release|Win32.Build.0 = Release|Win32
		{8C8962D5-39D6-40BA-8CE7-44C6FB6C4E11}.Debug DLL|Win32.ActiveCfg = Debug|Win32
		{8C8962D5-39D6-40BA-8CE7-44C6FB6C4E11}.Debug DLL|Win32.Build.0 = Debug|Win32
		{8C8962D5-39D6-40BA-8CE7-44C6FB6C4E11}.Debug|Win32.ActiveCfg = Debug|Win32
		{8C8962D5-39D6-40BA-8CE7-44C6FB6C4E11}.Debug|Win32.Build.0 = Debug|Win32
		{8C8962D5-39D6-40BA-8CE7-44C6FB6C4E11}.Release DLL|Win32.ActiveCfg = Release|Win32
		{8C8962D5-39D6-40BA-8CE7-44C6FB6C4E11}.Release DLL|Win32.Build.0 = Release|Win32
		{8C8962D5-39D6-40BA-8CE7-44C6FB6C4E11}.Release|Win32.ActiveCfg = Release|Win32
		{8C8962D5-39D6-40BA-8CE7-44C6FB6C4E11}.Release|Win32.Build.0 = Release|Win32
		{C815E447-2BC3-4110-BA1E-2E18D05D030B}.Debug DLL|Win32.ActiveCfg = Debug|Win32
		{C815E447-2BC3-4110-BA1E-2E18D05D030B}.Debug DLL|Win32.Build.0 = Debug|Win32
		{C815E447-2BC3-4110-BA1E-2E18D05D030B}.Debug|Win32.ActiveCfg = Debug|Win32
		{C815E447-2BC3-4110-BA1E-2E18D05D030B}.Debug|Win32.Build.0 = Debug|Win32
		{C815E447-2BC3-4110-BA1E-2E18D05D030B}.Release DLL|Win32.ActiveCfg = Release|Win32
		{C815E447-2BC3-4110-BA1E-2E18D05D030B}.Release DLL|Win32.Build.0 = Release|Win32
		{C815E447-2BC3-4110-BA1E-2E18D05D030B}.Release|Win32.ActiveCfg = Release|Win32
		{C815E447-2BC3-4110-BA1E-2E18D05D030B}.Release|Win32.Build.0 = Release|Win32
		{0EB6BF40-E640-4829-9BDB-5CA299134EB6}.Debug DLL|Win32.ActiveCfg = Debug|Win32
		{0EB6BF40-E640-4829-9BDB-5CA299134EB6}.Debug DLL|Win32.Build.0 = Debug|Win32
		{0EB6BF40-E640-4829-9BDB-5CA299134EB6}.Debug|Win32.ActiveCfg = Debug|Win32
		{0EB6BF40-E640-4829-9BDB-5CA299134EB6}.Debug|Win32.Build.0 = Debug|Win32
		{0EB6BF40-E640-4829-9BDB-5CA299134EB6}.Release DLL|Win32.ActiveCfg = Release|Win32
		{0EB6BF40-E640-4829-9BDB-5CA299134EB6}.Release DLL|Win32.Build.0 = Release|Win32
		{0EB6BF40-E640-4829-9BDB-5CA299134EB6}.Release|Win32.ActiveCfg = Release|Win32
		{0EB6BF40-E640-4829-9BDB-5CA299134EB6}.Release|Win32.Build.0 = Release|Win32
		{0F195D42-385C-47DF-87A8-2329115D4DE8}.Debug DLL|Win32.ActiveCfg = Debug|Win32
		{0F195D42-385C-47DF-87A8-2329115D4DE8}.Debug DLL|Win32.Build.0 = Debug|Win32
		{0F195D42-385C-47DF-87A8-2329115D4DE8}.Debug|Win32.ActiveCfg = Debug|Win32
		{0F195D42-385C-47DF-87A8-2329115D4DE8}.Debug|Win32.Build.0 = Debug|Win32
		{0F195D42-385C-47DF-87A8-2329115D4DE8}.Release DLL|Win32.ActiveCfg = Release|Win32
		{0F195D42-385C-47DF-87A8-2329115D4DE8}.Release DLL|Win32.Build.0 = Release|Win32
		{0F195D42-385C-47DF-87A8-2329115D4DE8}.Release|Win32.ActiveCfg = Release|Win32
		{0F195D42-385C-47DF-87A8-2329115D4DE8}.Release|Win32.Build.0 = Release|Win32
		{76C4FA1B-18AC-44C4-B2F5-8C93C4C91391}.Debug DLL|Win32.ActiveCfg = Debug|Win32
		{76C4FA1B-18AC-44C4-B2F5-8C93C4C91391}.Debug DLL|Win32.Build.0 = Debug|Win32
		{76C4FA1B-18AC-44C4-B2F5-8C93C4C91391}.Debug|Win32.ActiveCfg = Debug|Win32
		{76C4FA1B-18AC-44C4-B2F5-8C93C4C91391}.Debug|Win32.Build.0 = Debug|Win32
		{76C4FA1B-18AC-44C4-B2F5-8C93C4C91391}.Release DLL|Win32.ActiveCfg = Release|Win32
		{76C4FA1B-18AC-44C4-B2F5-8C93C4C91391}.Release DLL|Win32.Build.0 = Release|Win32
		{76C4FA1B-18AC-44C4-B2F5-8C93C4C91391}.Release|Win32.ActiveCfg = Release|Win32
		{76C4FA1B-18AC-44C4-B2F5-8C93C4C91391}.Release|Win32.Build.0 = Release|Win32
		{46BC3A55-6599-4CF9-8C21-26DC85EFA695}.Debug DLL|Win32.ActiveCfg = Debug|Win32
		{46BC3A55-6599-4CF9-8C21-26DC85EFA695}.Debug DLL|Win32.Build.0 = Debug|Win32
		{46BC3A55-6599-4CF9-8C21-26DC85EFA695}.Debug|Win32.ActiveCfg = Debug|Win32
		{46BC3A55-6599-4CF9-8C21-26DC85EFA695}.Debug|Win32.Build.0 = Debug|Win32
		{46BC3A55-6599-4CF9-8C21-26DC85EFA695}.Release DLL|Win32.ActiveCfg = Release|Win32
		{46BC3A55-6599-4CF9-8C21-26DC85EFA695}.Release DLL|Win32.Build.0 = Release|Win32
		{46BC3A55-6599-4CF9-8C21-26DC85EFA695}.Release|Win32.ActiveCfg = Release|Win32
		{46BC3A55-6599-4CF9-8C21-26DC85EFA695}.Release|Win32.Build.0 = Release|Win32
		{72DF7455-B92D-4B17-A1D4-39C453EA0F22}.Debug DLL|Win32.ActiveCfg = Debug|Win32
		{72DF7455-B92D-4B17-A1D4-39C453EA0F22}.Debug DLL|Win32.Build.0 = Debug|Win32
		{72DF7455-B92D-4B17-A1D4-39C453EA0F22}.Debug|Win32.ActiveCfg = Debug|Win32
		{72DF7455-B92D-4B17-A1D4-39C453EA0F22}.Debug|Win32.Build.0 = Debug|Win32
		{72DF7455-B92D-4B17-A1D4-39C453EA0F22}.Release DLL|Win32.ActiveCfg = Release|Win32
		{72DF7455-B92D-4B17-A1D4-39C453EA0F22}.Release DLL|Win32.Build.0 = Release|Win32
		{72DF7455-B92D-4B17-A1D4-39C453EA0F22}.Release|Win32.ActiveCfg = Release|Win32
		{72DF7455-B92D-4B17-A1D4-39C453EA0F22}.Release|Win32.Build.0 = Release|Win32
		{09AF694E-1A94-41F8-A7DD-4000C6CD7C31}.Debug DLL|Win32.ActiveCfg = Debug|Win32
		{09AF694E-1A94-41F8-A7DD-4000C6CD7C31}.Debug DLL|Win32.Build.0 = Debug|Win32
		{09AF694E-1A94-41F8-A7DD-4000C6CD7C31}.Debug|Win32.ActiveCfg = Debug|Win32
		{09AF694E-1A94-41F8-A7DD-4000C6CD7C31}.Debug|Win32.Build.0 = Debug|Win32
		{09AF694E-1A94-41F8-A7DD-4000C6CD7C31}.Release DLL|Win32.ActiveCfg = Release|Win32
		{09AF694E-1A94-41F8-A7DD-4000C6CD7C31}.Release DLL|Win32.Build.0 = Release|Win32
		{09AF694E-1A94-41F8-A7DD-4000C6CD7C31}.Release|Win32.ActiveCfg = Release|Win32
		{09AF694E-1A94-41F8-A7DD-4000C6CD7C31}.Release|Win32.Build.0 = Release|Win32
		{D1487971-DFDB-428B-A1CB-E4024EB519BF}.Debug DLL|Win32.ActiveCfg = Debug|Win32
		{D1487971-DFDB-428B-A1CB-E4024EB519BF}.Debug DLL|Win32.Build.0 = Debug|Win32
		{D1487971-DFDB-428B-A1CB-E4024EB519BF}.Debug|Win32.ActiveCfg = Debug|Win32
		{D1487971-DFDB-428B-A1CB-E4024EB519BF}.Debug|Win32.Build.0 = Debug|Win32
		{D1487971-DFDB-428B-A1CB-E4024EB519BF}.Release DLL|Win32.ActiveCfg = Release|Win32
		{D1487971-DFDB-428B-A1CB-E4024EB519BF}.Release DLL|Win32.Build.0 = Release|Win32
		{D1487971-DFDB-428B-A1CB-E4024EB519BF}.Release|Win32.ActiveCfg = Release|Win32
		{D1487971-DFDB-428B-A1CB-E4024EB519BF}.Release|Win32.Build.0 = Release|Win32
		{577E4F31-86F7-436A-9733-6C36E0C1ACDE}.Debug DLL|Win32.ActiveCfg = Debug|Win32
		{577E4F31-86F7-436A-9733-6C36E0C1ACDE}.Debug DLL|Win32.Build.0 = Debug|Win32
		{577E4F31-86F7-436A-9733-6C36E0C1ACDE}.Debug|Win32.ActiveCfg = Debug|Win32
		{577E4F31-86F7-436A-9733-6C36E0C1ACDE}.Debug|Win32.Build.0 = Debug|Win32
		{577E4F31-86F7-436A-9733-6C36E0C1ACDE}.Release DLL|Win32.ActiveCfg = Release|Win32
		{577E4F31-86F7-436A-9733-6C36E0C1ACDE}.Release DLL|Win32.Build.0 = Release|Win32
		{577E4F31-86F7-436A-9733-6C36E0C1ACDE}.Release|Win32.ActiveCfg = Release|Win32
		{577E4F31-86F7-436A-9733-6C36E0C1ACDE}.Release|Win32.Build.0 = Release|Win32
		{C4A4D4DB-ADCE-4464-8A58-5E41E58BCF8A}.Debug DLL|Win32.ActiveCfg = Debug|Win32
		{C4A4D4DB-ADCE-4464-8A58-5E41E58BCF8A}.Debug DLL|Win32.Build.0 = Debug|Win32
		{C4A4D4DB-ADCE-4464-8A58-5E41E58BCF8A}.Debug|Win32.ActiveCfg = Debug|Win32
		{C4A4D4DB-ADCE-4464-8A58-5E41E58BCF8A}.Debug|Win32.Build.0 = Debug|Win32
		{C4A4D4DB-ADCE-4464-8A58-5E41E58BCF8A}.Release DLL|Win32.ActiveCfg = Release|Win32
		{C4A4D4DB-ADCE-4464-8A58-5E41E58BCF8A}.Release DLL|Win32.Build.0 = Release|Win32
		{C4A4D4DB-ADCE-4464-8A58-5E41E58BCF8A}.Release|Win32.ActiveCfg = Release|Win32
		{C4A4D4DB-ADCE-4464-8A58-5E41E58BCF8A}.Release|Win32.Build.0 = Release|Win32
		{16B434AD-35FC-42AD-BFBD-A87A8D0D384D}.Debug DLL|Win32.ActiveCfg = Debug|Win32
		{16B434AD-35FC-42AD-BFBD-A87A8D0D384D}.Debug DLL|Win32.Build.0 = Debug|Win32
		{16B434AD-35FC-42AD-BFBD-A87A8D0D384D}.Debug|Win32.ActiveCfg = Debug|Win32
		{16B434AD-35FC-42AD-BFBD-A87A8D0D384D}.Debug|Win32.Build.0 = Debug|Win32
		{16B434AD-35FC-42AD-BFBD-A87A8D0D384D}.Release DLL|Win32.ActiveCfg = Release|Win32
		{16B434AD-35FC-42AD-BFBD-A87A8D0D384D}.Release DLL|Win32.Build.0 = Release|Win32
		{16B434AD-35FC-42AD-BFBD-A87A8D0D384D}.Release|Win32.ActiveCfg = Release|Win32
		{16B434AD-35FC-42AD-BFBD-A87A8D0D384D}.Release|Win32.Build.0 = Release|Win32
		{C0D80026-C8F8-4AD9-B76A-28B13E3CA0BE}.Debug DLL|Win32.ActiveCfg = Debug|Win32
		{C0D80026-C8F8-4AD9-B76A-28B13E3CA0BE}.Debug DLL|Win32.Build.0 = Debug|Win32
		{C0D80026-C8F8-4AD9-B76A-28B13E3CA0BE}.Debug|Win32.ActiveCfg = Debug|Win32
		{C0D80026-C8F8-4AD9-B76A-28B13E3CA0BE}.Debug|Win32.Build.0 = Debug|Win32
		{C0D80026-C8F8-4AD9-B76A-28B13E3CA0BE}.Release DLL|Win32.ActiveCfg = Release|Win32
		{C0D80026-C8F8-4AD9-B76A-28B13E3CA0BE}.Release DLL|Win32.Build.0 = Release|Win32
		{C0D80026-C8F8-4AD9-B76A-28B13E3CA0BE}.Release|Win32.ActiveCfg = Release|Win32
		{C0D80026-C8F8-4AD9-B76A-28B13E3CA0BE}.Release|Win32.Build.0 = Release|Win32
		{4EA67539-9EE9-4065-BD39-87E517FD8262}.Debug DLL|Win32.ActiveCfg = Debug|Win32
		{4EA67539-9EE9-4065-BD39-87E517FD8262}.Debug DLL|Win32.Build.0 = Debug|Win32
		{4EA67539-9EE9-4065-BD39-87E517FD8262}.Debug|Win32.ActiveCfg = Debug|Win32
		{4EA67539-9EE9-4065-BD39-87E517FD8262}.Debug|Win32.Build.0 = Debug|Win32
		{4EA67539-9EE9-4065-BD39-87E517FD8262}.Release DLL|Win32.ActiveCfg = Release|Win32
		{4EA67539-9EE9-4065-BD39-87E517FD8262}.Release DLL|Win32.Build.0 = Release|Win32
		{4EA67539-9EE9-4065-BD39-87E517FD8262}.Release|Win32.ActiveCfg = Release|Win32
		{4EA67539-9EE9-4065-BD39-87E517FD8262}.Release|Win32.Build.0 = Release|Win32
		{85255507-5D16-4218-85E2-F683BB2F04DA}.Debug DLL|Win32.ActiveCfg = Debug DLL|Win32
		{85255507-5D16-4218-85E2-F683BB2F04DA}.Debug DLL|Win32.Build.0 = Debug DLL|Win32
		{85255507-5D16-4218-85E2-F683BB2F04DA}.Debug|Win32.ActiveCfg = Debug|Win32
		{85255507-5D16-4218-85E2-F683BB2F04DA}.Debug|Win32.Build.0 = Debug|Win32
		{85255507-5D16-4218-85E2-F683BB2F04DA}.Release DLL|Win32.ActiveCfg = Release DLL|Win32
		{85255507-5D16-4218-85E2-F683BB2F04DA}.Release DLL|Win32.Build.0 = Release DLL|Win32
		{85255507-5D16-4218-85E2-F683BB2F04DA}.Release|Win32.ActiveCfg = Release|Win32
		{85255507-5D16-4218-85E2-F683BB2F04DA}.Release|Win32.Build.0 = Release|Win32
		{44F46B7E-0E51-4304-9735-330DFBAB41E5}.Debug DLL|Win32.ActiveCfg = Debug DLL|Win32
		{44F46B7E-0E51-4304-9735-330DFBAB41E5}.Debug DLL|Win32.Build.0 = Debug DLL|Win32
		{44F46B7E-0E51-4304-9735-330DFBAB41E5}.Debug|Win32.ActiveCfg = Debug|Win32
		{44F46B7E-0E51-4304-9735-330DFBAB41E5}.Debug|Win32.Build.0 = Debug|Win32
		{44F46B7E-0E51-4304-9735-330DFBAB41E5}.Release DLL|Win32.ActiveCfg = Release DLL|Win32
		{44F46B7E-0E51-4304-9735-330DFBAB41E5}.Release DLL|Win32.Build.0 = Release DLL|Win32
		{44F46B7E-0E51-4304-9735-330DFBAB41E5}.Release|Win32.ActiveCfg = Release|Win32
		{44F46B7E-0E51-4304-9735-330DFBAB41E5}.Release|Win32.Build.0 = Release|Win32
	EndGlobalSection
	GlobalSection(SolutionProperties) = preSolution
		HideSolutionNode = FALSE
	EndGlobalSection
	GlobalSection(NestedProjects) = preSolution
		{484359A7-A817-45A9-B6B4-A1A3243C8C27} = {6CEFF4B2-CEB3-417C-8EEB-324E12E6BF55}
		{7054D059-66BD-4A8B-9B5F-FD0E5B6865C5} = {6CEFF4B2-CEB3-417C-8EEB-324E12E6BF55}
		{4BB5D41B-D31F-4286-BC33-17FCDAEB8A99} = {6CEFF4B2-CEB3-417C-8EEB-324E12E6BF55}
		{B1F3F1D5-D9BE-487C-97A0-90933A560B41} = {6CEFF4B2-CEB3-417C-8EEB-324E12E6BF55}
		{68D2E57F-1C6F-4EFD-BBBC-12D740564539} = {12517DC9-EA01-4220-8BE8-0680CC3165CD}
		{B1FCC7C8-7F77-4E80-AEF2-A03A56B4E3E5} = {12517DC9-EA01-4220-8BE8-0680CC3165CD}
		{BC4B2ABB-41BA-4AE9-BA3C-68947CBF4B1D} = {12517DC9-EA01-4220-8BE8-0680CC3165CD}
		{1E8B8959-AC4F-4FDB-B013-377F785AFC6B} = {12517DC9-EA01-4220-8BE8-0680CC3165CD}
		{36D9DE9C-964A-4638-8F65-329DFC7325BF} = {12517DC9-EA01-4220-8BE8-0680CC3165CD}
		{C729EB51-E467-43C9-AC7E-B2BD237E2265} = {12517DC9-EA01-4220-8BE8-0680CC3165CD}
		{63E22B2B-7F4B-468B-A227-1DC4386EBB22} = {12517DC9-EA01-4220-8BE8-0680CC3165CD}
		{7897EC90-344A-4A67-B4C1-43EB1F54638A} = {12517DC9-EA01-4220-8BE8-0680CC3165CD}
		{29AFEAF1-DAEB-4899-BCCD-FA5BB1A1F827} = {EC6ACAF3-738C-4BE8-91E1-3B49614C701F}
		{689D2198-E0D2-4BDF-B4CD-4B85F7C77658} = {EC6ACAF3-738C-4BE8-91E1-3B49614C701F}
		{AF30723E-DCD4-4519-9A46-185F8CEFEC01} = {EC6ACAF3-738C-4BE8-91E1-3B49614C701F}
		{02B85303-93E4-4EC5-9F9E-CD3E0E296F2D} = {EC6ACAF3-738C-4BE8-91E1-3B49614C701F}
		{69396871-23E1-45D1-80DD-0CF4F6605F38} = {EC6ACAF3-738C-4BE8-91E1-3B49614C701F}
		{A2239A32-44E7-4029-B007-30474B2CD5B8} = {EC6ACAF3-738C-4BE8-91E1-3B49614C701F}
		{F8E594F5-400F-4502-95EA-F5C1E359C1A8} = {484359A7-A817-45A9-B6B4-A1A3243C8C27}
		{A2ABEE67-9BCB-4EA2-A295-A5C67E027FB2} = {7054D059-66BD-4A8B-9B5F-FD0E5B6865C5}
		{E8881E0A-51A3-4C5C-9B36-18C6F3327FAE} = {4BB5D41B-D31F-4286-BC33-17FCDAEB8A99}
		{F105578A-CFC0-41F4-B712-B23E72E88EA5} = {B1F3F1D5-D9BE-487C-97A0-90933A560B41}
		{6C2BEBFA-EE6B-4B1C-84BE-12D16BC5B419} = {68D2E57F-1C6F-4EFD-BBBC-12D740564539}
		{787A144F-0244-4C1A-8C7E-6192E6403EA4} = {B1FCC7C8-7F77-4E80-AEF2-A03A56B4E3E5}
		{D5EB1FD5-FB00-4369-A78C-BFA8AC49A28B} = {BC4B2ABB-41BA-4AE9-BA3C-68947CBF4B1D}
		{63645368-B858-4583-B3AD-B1C202A1ACAC} = {1E8B8959-AC4F-4FDB-B013-377F785AFC6B}
		{8C8962D5-39D6-40BA-8CE7-44C6FB6C4E11} = {36D9DE9C-964A-4638-8F65-329DFC7325BF}
		{C815E447-2BC3-4110-BA1E-2E18D05D030B} = {C729EB51-E467-43C9-AC7E-B2BD237E2265}
		{46BC3A55-6599-4CF9-8C21-26DC85EFA695} = {C729EB51-E467-43C9-AC7E-B2BD237E2265}
		{0EB6BF40-E640-4829-9BDB-5CA299134EB6} = {63E22B2B-7F4B-468B-A227-1DC4386EBB22}
		{0F195D42-385C-47DF-87A8-2329115D4DE8} = {7897EC90-344A-4A67-B4C1-43EB1F54638A}
		{D48D58E5-510D-464F-9E98-E6DCD34B8176} = {D26F37B4-FCF7-4738-BD87-A18C49715631}
		{7E0A1A36-36D8-471D-8393-D6D8A43C5A41} = {D26F37B4-FCF7-4738-BD87-A18C49715631}
		{ED74A799-DB05-4B3C-8B4B-44ED01F7BECC} = {D26F37B4-FCF7-4738-BD87-A18C49715631}
		{A054D4AD-8070-4755-8858-6A387C5899A4} = {D26F37B4-FCF7-4738-BD87-A18C49715631}
		{DBF6230A-40F4-4646-8FC9-AA331A246B4F} = {D26F37B4-FCF7-4738-BD87-A18C49715631}
		{76C4FA1B-18AC-44C4-B2F5-8C93C4C91391} = {D48D58E5-510D-464F-9E98-E6DCD34B8176}
		{72DF7455-B92D-4B17-A1D4-39C453EA0F22} = {7E0A1A36-36D8-471D-8393-D6D8A43C5A41}
		{09AF694E-1A94-41F8-A7DD-4000C6CD7C31} = {ED74A799-DB05-4B3C-8B4B-44ED01F7BECC}
		{E56E2466-32AC-4950-9A3D-9523C0F66B3C} = {8B495ED5-2724-4509-9673-A6439BE786E7}
		{C0D80026-C8F8-4AD9-B76A-28B13E3CA0BE} = {E56E2466-32AC-4950-9A3D-9523C0F66B3C}
		{4EA11C5A-CE47-4A9E-BAEE-A8D86153B186} = {A054D4AD-8070-4755-8858-6A387C5899A4}
		{737491AC-8A9A-4333-A598-6201BF220626} = {A054D4AD-8070-4755-8858-6A387C5899A4}
		{7606B99D-8425-4FF5-8AF5-EA274771C7D2} = {A054D4AD-8070-4755-8858-6A387C5899A4}
		{577E4F31-86F7-436A-9733-6C36E0C1ACDE} = {4EA11C5A-CE47-4A9E-BAEE-A8D86153B186}
		{25875C09-D9CA-43FD-BD2C-E357FAD14815} = {4EA11C5A-CE47-4A9E-BAEE-A8D86153B186}
		{C4A4D4DB-ADCE-4464-8A58-5E41E58BCF8A} = {737491AC-8A9A-4333-A598-6201BF220626}
		{16B434AD-35FC-42AD-BFBD-A87A8D0D384D} = {7606B99D-8425-4FF5-8AF5-EA274771C7D2}
		{D1487971-DFDB-428B-A1CB-E4024EB519BF} = {DBF6230A-40F4-4646-8FC9-AA331A246B4F}
		{4EA67539-9EE9-4065-BD39-87E517FD8262} = {25875C09-D9CA-43FD-BD2C-E357FAD14815}
		{85255507-5D16-4218-85E2-F683BB2F04DA} = {25875C09-D9CA-43FD-BD2C-E357FAD14815}
		{44F46B7E-0E51-4304-9735-330DFBAB41E5} = {25875C09-D9CA-43FD-BD2C-E357FAD14815}
	EndGlobalSection
EndGlobal
